// !$*UTF8*$!
{
	archiveVersion = 1;
	classes = {
	};
	objectVersion = 48;
	objects = {

/* Begin PBXBuildFile section */
		22A2BF31AD6058E50265531C /* Pods_MyCookBookTests.framework in Frameworks */ = {isa = PBXBuildFile; fileRef = 65E84DE717F178BCF37FB4A8 /* Pods_MyCookBookTests.framework */; };
		7432B018200C12C8001F9E2F /* (null) in Resources */ = {isa = PBXBuildFile; };
		83519A8BAD7FAD430F7D4AFC /* Pods_MyCookBook_WatchKit_App.framework in Frameworks */ = {isa = PBXBuildFile; fileRef = 6F1039617A00E3604B2985D1 /* Pods_MyCookBook_WatchKit_App.framework */; };
		9116412C2010FB550045905C /* (null) in Resources */ = {isa = PBXBuildFile; };
		9116412F201106F80045905C /* (null) in Sources */ = {isa = PBXBuildFile; };
		91164130201106F80045905C /* (null) in Resources */ = {isa = PBXBuildFile; };
		91164144201129BC0045905C /* (null) in Resources */ = {isa = PBXBuildFile; };
		91164147201129D00045905C /* (null) in Sources */ = {isa = PBXBuildFile; };
		91164148201129D00045905C /* (null) in Resources */ = {isa = PBXBuildFile; };
		9116415820114ADA0045905C /* (null) in Sources */ = {isa = PBXBuildFile; };
		9116415A20114AE70045905C /* (null) in Sources */ = {isa = PBXBuildFile; };
		9116415F20114AF00045905C /* (null) in Sources */ = {isa = PBXBuildFile; };
		9116416120114AF00045905C /* (null) in Resources */ = {isa = PBXBuildFile; };
		9116416220114AF00045905C /* (null) in Resources */ = {isa = PBXBuildFile; };
		A94F436C1FF6918F00735A1E /* RootWireframe.swift in Sources */ = {isa = PBXBuildFile; fileRef = A94F436B1FF6918F00735A1E /* RootWireframe.swift */; };
		A94F43831FFB788A00735A1E /* BaseViewController.swift in Sources */ = {isa = PBXBuildFile; fileRef = A94F43821FFB788900735A1E /* BaseViewController.swift */; };
		A94F439F1FFBB10100735A1E /* AddRecipeWireframe.swift in Sources */ = {isa = PBXBuildFile; fileRef = A94F439E1FFBB10100735A1E /* AddRecipeWireframe.swift */; };
		A94F43A11FFBB10B00735A1E /* AddRecipePresenter.swift in Sources */ = {isa = PBXBuildFile; fileRef = A94F43A01FFBB10B00735A1E /* AddRecipePresenter.swift */; };
		A94F43A31FFBB11400735A1E /* AddRecipeInteractor.swift in Sources */ = {isa = PBXBuildFile; fileRef = A94F43A21FFBB11400735A1E /* AddRecipeInteractor.swift */; };
		A94F43A71FFBB12D00735A1E /* AddRecipeViewController.xib in Resources */ = {isa = PBXBuildFile; fileRef = A94F43A51FFBB12D00735A1E /* AddRecipeViewController.xib */; };
		A96E459E1FFD2482005AB56E /* ImageTableViewCell.swift in Sources */ = {isa = PBXBuildFile; fileRef = A96E459C1FFD2482005AB56E /* ImageTableViewCell.swift */; };
		A96E459F1FFD2482005AB56E /* ImageTableViewCell.xib in Resources */ = {isa = PBXBuildFile; fileRef = A96E459D1FFD2482005AB56E /* ImageTableViewCell.xib */; };
		A96E45A21FFD34AD005AB56E /* TextFieldTableViewCell.swift in Sources */ = {isa = PBXBuildFile; fileRef = A96E45A01FFD34AD005AB56E /* TextFieldTableViewCell.swift */; };
		A96E45A31FFD34AD005AB56E /* TextFieldTableViewCell.xib in Resources */ = {isa = PBXBuildFile; fileRef = A96E45A11FFD34AD005AB56E /* TextFieldTableViewCell.xib */; };
		A9BB83242017E38300A91801 /* Step+CoreDataProperties.swift in Sources */ = {isa = PBXBuildFile; fileRef = A9BB831E2017E38200A91801 /* Step+CoreDataProperties.swift */; };
		A9BB83252017E38300A91801 /* Step+CoreDataClass.swift in Sources */ = {isa = PBXBuildFile; fileRef = A9BB831F2017E38200A91801 /* Step+CoreDataClass.swift */; };
		A9BB83262017E38300A91801 /* Recipe+CoreDataClass.swift in Sources */ = {isa = PBXBuildFile; fileRef = A9BB83202017E38200A91801 /* Recipe+CoreDataClass.swift */; };
		A9BB83272017E38300A91801 /* Ingredient+CoreDataProperties.swift in Sources */ = {isa = PBXBuildFile; fileRef = A9BB83212017E38200A91801 /* Ingredient+CoreDataProperties.swift */; };
		A9BB83282017E38300A91801 /* Ingredient+CoreDataClass.swift in Sources */ = {isa = PBXBuildFile; fileRef = A9BB83222017E38200A91801 /* Ingredient+CoreDataClass.swift */; };
		A9BB83292017E38300A91801 /* Recipe+CoreDataProperties.swift in Sources */ = {isa = PBXBuildFile; fileRef = A9BB83232017E38200A91801 /* Recipe+CoreDataProperties.swift */; };
		A9C29BAA2017F40B009CE85D /* RecipesCollectionViewCell.swift in Sources */ = {isa = PBXBuildFile; fileRef = A9C29BA82017F40B009CE85D /* RecipesCollectionViewCell.swift */; };
		A9C29BAB2017F40B009CE85D /* RecipesCollectionViewCell.xib in Resources */ = {isa = PBXBuildFile; fileRef = A9C29BA92017F40B009CE85D /* RecipesCollectionViewCell.xib */; };
		A9DE04681FD737480079D0E8 /* AppDelegate.swift in Sources */ = {isa = PBXBuildFile; fileRef = A9DE04671FD737480079D0E8 /* AppDelegate.swift */; };
		A9DE046D1FD737480079D0E8 /* Main.storyboard in Resources */ = {isa = PBXBuildFile; fileRef = A9DE046B1FD737480079D0E8 /* Main.storyboard */; };
		A9DE046F1FD737480079D0E8 /* Assets.xcassets in Resources */ = {isa = PBXBuildFile; fileRef = A9DE046E1FD737480079D0E8 /* Assets.xcassets */; };
		A9DE04721FD737480079D0E8 /* LaunchScreen.storyboard in Resources */ = {isa = PBXBuildFile; fileRef = A9DE04701FD737480079D0E8 /* LaunchScreen.storyboard */; };
		A9DE047D1FD737490079D0E8 /* MyCookBookTests.swift in Sources */ = {isa = PBXBuildFile; fileRef = A9DE047C1FD737490079D0E8 /* MyCookBookTests.swift */; };
		A9DE04821FD737490079D0E8 /* MyCookBook WatchKit App.app in Embed Watch Content */ = {isa = PBXBuildFile; fileRef = A9DE04811FD737490079D0E8 /* MyCookBook WatchKit App.app */; };
		A9DE04881FD737490079D0E8 /* Interface.storyboard in Resources */ = {isa = PBXBuildFile; fileRef = A9DE04861FD737490079D0E8 /* Interface.storyboard */; };
		A9DE048A1FD737490079D0E8 /* Assets.xcassets in Resources */ = {isa = PBXBuildFile; fileRef = A9DE04891FD737490079D0E8 /* Assets.xcassets */; };
		A9DE04911FD737490079D0E8 /* MyCookBook WatchKit Extension.appex in Embed App Extensions */ = {isa = PBXBuildFile; fileRef = A9DE04901FD737490079D0E8 /* MyCookBook WatchKit Extension.appex */; settings = {ATTRIBUTES = (RemoveHeadersOnCopy, ); }; };
		A9DE04961FD737490079D0E8 /* InterfaceController.swift in Sources */ = {isa = PBXBuildFile; fileRef = A9DE04951FD737490079D0E8 /* InterfaceController.swift */; };
		A9DE04981FD737490079D0E8 /* ExtensionDelegate.swift in Sources */ = {isa = PBXBuildFile; fileRef = A9DE04971FD737490079D0E8 /* ExtensionDelegate.swift */; };
		A9DE049A1FD737490079D0E8 /* NotificationController.swift in Sources */ = {isa = PBXBuildFile; fileRef = A9DE04991FD737490079D0E8 /* NotificationController.swift */; };
		A9DE049C1FD737490079D0E8 /* ComplicationController.swift in Sources */ = {isa = PBXBuildFile; fileRef = A9DE049B1FD737490079D0E8 /* ComplicationController.swift */; };
		A9DE049E1FD737490079D0E8 /* Assets.xcassets in Resources */ = {isa = PBXBuildFile; fileRef = A9DE049D1FD737490079D0E8 /* Assets.xcassets */; };
		A9DE04C21FDD78CD0079D0E8 /* FileManager+document.swift in Sources */ = {isa = PBXBuildFile; fileRef = A9DE04C11FDD78CD0079D0E8 /* FileManager+document.swift */; };
		A9DE04C51FDD79070079D0E8 /* DataManager.swift in Sources */ = {isa = PBXBuildFile; fileRef = A9DE04C41FDD79070079D0E8 /* DataManager.swift */; };
		A9DE04CB1FDE82090079D0E8 /* CoreDataManager.swift in Sources */ = {isa = PBXBuildFile; fileRef = A9DE04CA1FDE82090079D0E8 /* CoreDataManager.swift */; };
		BF40E0A320010180003380B1 /* ListIngredientRowController.swift in Sources */ = {isa = PBXBuildFile; fileRef = BF40E0A220010180003380B1 /* ListIngredientRowController.swift */; };
		BF40E0A620010297003380B1 /* ListRecipeRowController.swift in Sources */ = {isa = PBXBuildFile; fileRef = BF40E0A520010297003380B1 /* ListRecipeRowController.swift */; };
		BF484568200A689E001428F1 /* RecipeWatch.swift in Sources */ = {isa = PBXBuildFile; fileRef = BF484566200A6260001428F1 /* RecipeWatch.swift */; };
		BF48456B200A70FA001428F1 /* IngredientWatch.swift in Sources */ = {isa = PBXBuildFile; fileRef = BF484569200A6D77001428F1 /* IngredientWatch.swift */; };
		BF48456D200A7918001428F1 /* IngredientListInterfaceController.swift in Sources */ = {isa = PBXBuildFile; fileRef = BF48456C200A7918001428F1 /* IngredientListInterfaceController.swift */; };
		BF6DC33120176FA20079F7CA /* AddRecipeVIewController.swift in Sources */ = {isa = PBXBuildFile; fileRef = BF6DC33020176FA10079F7CA /* AddRecipeVIewController.swift */; };
		BF6DC33620176FCA0079F7CA /* StepsViewController.xib in Resources */ = {isa = PBXBuildFile; fileRef = BF6DC33220176FC90079F7CA /* StepsViewController.xib */; };
		BF6DC33720176FCA0079F7CA /* IngredientsViewController.xib in Resources */ = {isa = PBXBuildFile; fileRef = BF6DC33320176FC90079F7CA /* IngredientsViewController.xib */; };
		BF6DC33820176FCA0079F7CA /* StepsViewController.swift in Sources */ = {isa = PBXBuildFile; fileRef = BF6DC33420176FC90079F7CA /* StepsViewController.swift */; };
		BF6DC33920176FCA0079F7CA /* IngredientsViewController.swift in Sources */ = {isa = PBXBuildFile; fileRef = BF6DC33520176FC90079F7CA /* IngredientsViewController.swift */; };
		BF6DC34120176FE50079F7CA /* DifficultyTableViewCell.swift in Sources */ = {isa = PBXBuildFile; fileRef = BF6DC33A20176FE40079F7CA /* DifficultyTableViewCell.swift */; };
		BF6DC34220176FE50079F7CA /* IngredientTableViewCell.swift in Sources */ = {isa = PBXBuildFile; fileRef = BF6DC33B20176FE50079F7CA /* IngredientTableViewCell.swift */; };
		BF6DC34320176FE50079F7CA /* ButtonTableViewCell.swift in Sources */ = {isa = PBXBuildFile; fileRef = BF6DC33C20176FE50079F7CA /* ButtonTableViewCell.swift */; };
		BF6DC34420176FE50079F7CA /* StepTableViewCell.swift in Sources */ = {isa = PBXBuildFile; fileRef = BF6DC33D20176FE50079F7CA /* StepTableViewCell.swift */; };
		BF6DC34520176FE50079F7CA /* StepTableViewCell.xib in Resources */ = {isa = PBXBuildFile; fileRef = BF6DC33E20176FE50079F7CA /* StepTableViewCell.xib */; };
		BF6DC34620176FE50079F7CA /* ButtonTableViewCell.xib in Resources */ = {isa = PBXBuildFile; fileRef = BF6DC33F20176FE50079F7CA /* ButtonTableViewCell.xib */; };
		BF6DC34720176FE50079F7CA /* DifficultyTableViewCell.xib in Resources */ = {isa = PBXBuildFile; fileRef = BF6DC34020176FE50079F7CA /* DifficultyTableViewCell.xib */; };
		BF6DC3482017709F0079F7CA /* RecipeWatch.swift in Sources */ = {isa = PBXBuildFile; fileRef = BF484566200A6260001428F1 /* RecipeWatch.swift */; };
		BF6DC349201770A20079F7CA /* IngredientWatch.swift in Sources */ = {isa = PBXBuildFile; fileRef = BF484569200A6D77001428F1 /* IngredientWatch.swift */; };
		BF6DC34C201778E80079F7CA /* MyCookBook.xcdatamodeld in Sources */ = {isa = PBXBuildFile; fileRef = BF6DC34A201778E80079F7CA /* MyCookBook.xcdatamodeld */; };
		BF71174A20177E8300618AC9 /* IngredientTableViewCell.xib in Resources */ = {isa = PBXBuildFile; fileRef = BF71174920177E8300618AC9 /* IngredientTableViewCell.xib */; };
		BF7BE831201792E9007A8556 /* DetailRecipeInteractor.swift in Sources */ = {isa = PBXBuildFile; fileRef = BF7BE830201792E9007A8556 /* DetailRecipeInteractor.swift */; };
		BF7BE83320179301007A8556 /* DetailRecipePresenter.swift in Sources */ = {isa = PBXBuildFile; fileRef = BF7BE83220179301007A8556 /* DetailRecipePresenter.swift */; };
		BF7BE8362017933F007A8556 /* DetailRecipeViewController.swift in Sources */ = {isa = PBXBuildFile; fileRef = BF7BE8342017933F007A8556 /* DetailRecipeViewController.swift */; };
		BF7BE8372017933F007A8556 /* DetailRecipeViewController.xib in Resources */ = {isa = PBXBuildFile; fileRef = BF7BE8352017933F007A8556 /* DetailRecipeViewController.xib */; };
		BF7BE83920179369007A8556 /* DetailRecipeWireframe.swift in Sources */ = {isa = PBXBuildFile; fileRef = BF7BE83820179369007A8556 /* DetailRecipeWireframe.swift */; };
		BFE5664C20176DB40080886F /* RecipesWireframe.swift in Sources */ = {isa = PBXBuildFile; fileRef = BFE5664520176DB30080886F /* RecipesWireframe.swift */; };
		BFE5664D20176DB40080886F /* RecipesPresenter.swift in Sources */ = {isa = PBXBuildFile; fileRef = BFE5664620176DB30080886F /* RecipesPresenter.swift */; };
		BFE5664F20176DB40080886F /* RecipesViewController.swift in Sources */ = {isa = PBXBuildFile; fileRef = BFE5664820176DB40080886F /* RecipesViewController.swift */; };
		BFE5665020176DB40080886F /* RecipesViewController.xib in Resources */ = {isa = PBXBuildFile; fileRef = BFE5664920176DB40080886F /* RecipesViewController.xib */; };
		BFE5665120176DB40080886F /* RecipesInteractor.swift in Sources */ = {isa = PBXBuildFile; fileRef = BFE5664A20176DB40080886F /* RecipesInteractor.swift */; };
		F8FD01BC981E6F032AF27B8E /* Pods_MyCookBook.framework in Frameworks */ = {isa = PBXBuildFile; fileRef = E807CAE3B509FA745F44685C /* Pods_MyCookBook.framework */; };
/* End PBXBuildFile section */

/* Begin PBXContainerItemProxy section */
		A9DE04791FD737490079D0E8 /* PBXContainerItemProxy */ = {
			isa = PBXContainerItemProxy;
			containerPortal = A9DE045C1FD737480079D0E8 /* Project object */;
			proxyType = 1;
			remoteGlobalIDString = A9DE04631FD737480079D0E8;
			remoteInfo = MyCookBook;
		};
		A9DE04831FD737490079D0E8 /* PBXContainerItemProxy */ = {
			isa = PBXContainerItemProxy;
			containerPortal = A9DE045C1FD737480079D0E8 /* Project object */;
			proxyType = 1;
			remoteGlobalIDString = A9DE04801FD737490079D0E8;
			remoteInfo = "MyCookBook WatchKit App";
		};
		A9DE04921FD737490079D0E8 /* PBXContainerItemProxy */ = {
			isa = PBXContainerItemProxy;
			containerPortal = A9DE045C1FD737480079D0E8 /* Project object */;
			proxyType = 1;
			remoteGlobalIDString = A9DE048F1FD737490079D0E8;
			remoteInfo = "MyCookBook WatchKit Extension";
		};
/* End PBXContainerItemProxy section */

/* Begin PBXCopyFilesBuildPhase section */
		A9DE04A61FD737490079D0E8 /* Embed App Extensions */ = {
			isa = PBXCopyFilesBuildPhase;
			buildActionMask = 2147483647;
			dstPath = "";
			dstSubfolderSpec = 13;
			files = (
				A9DE04911FD737490079D0E8 /* MyCookBook WatchKit Extension.appex in Embed App Extensions */,
			);
			name = "Embed App Extensions";
			runOnlyForDeploymentPostprocessing = 0;
		};
		A9DE04AA1FD737490079D0E8 /* Embed Watch Content */ = {
			isa = PBXCopyFilesBuildPhase;
			buildActionMask = 2147483647;
			dstPath = "$(CONTENTS_FOLDER_PATH)/Watch";
			dstSubfolderSpec = 16;
			files = (
				A9DE04821FD737490079D0E8 /* MyCookBook WatchKit App.app in Embed Watch Content */,
			);
			name = "Embed Watch Content";
			runOnlyForDeploymentPostprocessing = 0;
		};
/* End PBXCopyFilesBuildPhase section */

/* Begin PBXFileReference section */
		2EFF9B26C1BE303AA83A9962 /* Pods-MyCookBookTests.debug.xcconfig */ = {isa = PBXFileReference; includeInIndex = 1; lastKnownFileType = text.xcconfig; name = "Pods-MyCookBookTests.debug.xcconfig"; path = "Pods/Target Support Files/Pods-MyCookBookTests/Pods-MyCookBookTests.debug.xcconfig"; sourceTree = "<group>"; };
		439641E3EE624C2F5E6C5C67 /* Pods_MyCookBook_WatchKit_Extension.framework */ = {isa = PBXFileReference; explicitFileType = wrapper.framework; includeInIndex = 0; path = Pods_MyCookBook_WatchKit_Extension.framework; sourceTree = BUILT_PRODUCTS_DIR; };
		51C345AD9C05EE9CBC0F08B8 /* Pods-MyCookBook WatchKit App.debug.xcconfig */ = {isa = PBXFileReference; includeInIndex = 1; lastKnownFileType = text.xcconfig; name = "Pods-MyCookBook WatchKit App.debug.xcconfig"; path = "Pods/Target Support Files/Pods-MyCookBook WatchKit App/Pods-MyCookBook WatchKit App.debug.xcconfig"; sourceTree = "<group>"; };
		65E84DE717F178BCF37FB4A8 /* Pods_MyCookBookTests.framework */ = {isa = PBXFileReference; explicitFileType = wrapper.framework; includeInIndex = 0; path = Pods_MyCookBookTests.framework; sourceTree = BUILT_PRODUCTS_DIR; };
		6B2F6C301696DFFA096FBB50 /* Pods-MyCookBook.debug.xcconfig */ = {isa = PBXFileReference; includeInIndex = 1; lastKnownFileType = text.xcconfig; name = "Pods-MyCookBook.debug.xcconfig"; path = "Pods/Target Support Files/Pods-MyCookBook/Pods-MyCookBook.debug.xcconfig"; sourceTree = "<group>"; };
		6F1039617A00E3604B2985D1 /* Pods_MyCookBook_WatchKit_App.framework */ = {isa = PBXFileReference; explicitFileType = wrapper.framework; includeInIndex = 0; path = Pods_MyCookBook_WatchKit_App.framework; sourceTree = BUILT_PRODUCTS_DIR; };
		A94F436B1FF6918F00735A1E /* RootWireframe.swift */ = {isa = PBXFileReference; lastKnownFileType = sourcecode.swift; path = RootWireframe.swift; sourceTree = "<group>"; };
		A94F43821FFB788900735A1E /* BaseViewController.swift */ = {isa = PBXFileReference; lastKnownFileType = sourcecode.swift; path = BaseViewController.swift; sourceTree = "<group>"; };
		A94F439E1FFBB10100735A1E /* AddRecipeWireframe.swift */ = {isa = PBXFileReference; lastKnownFileType = sourcecode.swift; path = AddRecipeWireframe.swift; sourceTree = "<group>"; };
		A94F43A01FFBB10B00735A1E /* AddRecipePresenter.swift */ = {isa = PBXFileReference; lastKnownFileType = sourcecode.swift; path = AddRecipePresenter.swift; sourceTree = "<group>"; };
		A94F43A21FFBB11400735A1E /* AddRecipeInteractor.swift */ = {isa = PBXFileReference; lastKnownFileType = sourcecode.swift; path = AddRecipeInteractor.swift; sourceTree = "<group>"; };
		A94F43A51FFBB12D00735A1E /* AddRecipeViewController.xib */ = {isa = PBXFileReference; lastKnownFileType = file.xib; path = AddRecipeViewController.xib; sourceTree = "<group>"; };
		A96E459C1FFD2482005AB56E /* ImageTableViewCell.swift */ = {isa = PBXFileReference; lastKnownFileType = sourcecode.swift; path = ImageTableViewCell.swift; sourceTree = "<group>"; };
		A96E459D1FFD2482005AB56E /* ImageTableViewCell.xib */ = {isa = PBXFileReference; lastKnownFileType = file.xib; path = ImageTableViewCell.xib; sourceTree = "<group>"; };
		A96E45A01FFD34AD005AB56E /* TextFieldTableViewCell.swift */ = {isa = PBXFileReference; lastKnownFileType = sourcecode.swift; path = TextFieldTableViewCell.swift; sourceTree = "<group>"; };
		A96E45A11FFD34AD005AB56E /* TextFieldTableViewCell.xib */ = {isa = PBXFileReference; lastKnownFileType = file.xib; path = TextFieldTableViewCell.xib; sourceTree = "<group>"; };
		A9BB831E2017E38200A91801 /* Step+CoreDataProperties.swift */ = {isa = PBXFileReference; lastKnownFileType = sourcecode.swift; name = "Step+CoreDataProperties.swift"; path = "/Users/guillaumechiebbouares/workspace/cours/master2/Apple & objet connecté/MyCookBook/MyCookBook/Classes/Common/Store/Step+CoreDataProperties.swift"; sourceTree = "<absolute>"; };
		A9BB831F2017E38200A91801 /* Step+CoreDataClass.swift */ = {isa = PBXFileReference; lastKnownFileType = sourcecode.swift; name = "Step+CoreDataClass.swift"; path = "/Users/guillaumechiebbouares/workspace/cours/master2/Apple & objet connecté/MyCookBook/MyCookBook/Classes/Common/Store/Step+CoreDataClass.swift"; sourceTree = "<absolute>"; };
		A9BB83202017E38200A91801 /* Recipe+CoreDataClass.swift */ = {isa = PBXFileReference; lastKnownFileType = sourcecode.swift; name = "Recipe+CoreDataClass.swift"; path = "/Users/guillaumechiebbouares/workspace/cours/master2/Apple & objet connecté/MyCookBook/MyCookBook/Classes/Common/Store/Recipe+CoreDataClass.swift"; sourceTree = "<absolute>"; };
		A9BB83212017E38200A91801 /* Ingredient+CoreDataProperties.swift */ = {isa = PBXFileReference; lastKnownFileType = sourcecode.swift; name = "Ingredient+CoreDataProperties.swift"; path = "/Users/guillaumechiebbouares/workspace/cours/master2/Apple & objet connecté/MyCookBook/MyCookBook/Classes/Common/Store/Ingredient+CoreDataProperties.swift"; sourceTree = "<absolute>"; };
		A9BB83222017E38200A91801 /* Ingredient+CoreDataClass.swift */ = {isa = PBXFileReference; lastKnownFileType = sourcecode.swift; name = "Ingredient+CoreDataClass.swift"; path = "/Users/guillaumechiebbouares/workspace/cours/master2/Apple & objet connecté/MyCookBook/MyCookBook/Classes/Common/Store/Ingredient+CoreDataClass.swift"; sourceTree = "<absolute>"; };
		A9BB83232017E38200A91801 /* Recipe+CoreDataProperties.swift */ = {isa = PBXFileReference; lastKnownFileType = sourcecode.swift; name = "Recipe+CoreDataProperties.swift"; path = "/Users/guillaumechiebbouares/workspace/cours/master2/Apple & objet connecté/MyCookBook/MyCookBook/Classes/Common/Store/Recipe+CoreDataProperties.swift"; sourceTree = "<absolute>"; };
		A9C29BA82017F40B009CE85D /* RecipesCollectionViewCell.swift */ = {isa = PBXFileReference; lastKnownFileType = sourcecode.swift; path = RecipesCollectionViewCell.swift; sourceTree = "<group>"; };
		A9C29BA92017F40B009CE85D /* RecipesCollectionViewCell.xib */ = {isa = PBXFileReference; lastKnownFileType = file.xib; path = RecipesCollectionViewCell.xib; sourceTree = "<group>"; };
		A9DE04641FD737480079D0E8 /* MyCookBook.app */ = {isa = PBXFileReference; explicitFileType = wrapper.application; includeInIndex = 0; path = MyCookBook.app; sourceTree = BUILT_PRODUCTS_DIR; };
		A9DE04671FD737480079D0E8 /* AppDelegate.swift */ = {isa = PBXFileReference; lastKnownFileType = sourcecode.swift; path = AppDelegate.swift; sourceTree = "<group>"; };
		A9DE046C1FD737480079D0E8 /* Base */ = {isa = PBXFileReference; lastKnownFileType = file.storyboard; name = Base; path = Base.lproj/Main.storyboard; sourceTree = "<group>"; };
		A9DE046E1FD737480079D0E8 /* Assets.xcassets */ = {isa = PBXFileReference; lastKnownFileType = folder.assetcatalog; path = Assets.xcassets; sourceTree = "<group>"; };
		A9DE04711FD737480079D0E8 /* Base */ = {isa = PBXFileReference; lastKnownFileType = file.storyboard; name = Base; path = Base.lproj/LaunchScreen.storyboard; sourceTree = "<group>"; };
		A9DE04731FD737480079D0E8 /* Info.plist */ = {isa = PBXFileReference; lastKnownFileType = text.plist.xml; path = Info.plist; sourceTree = "<group>"; };
		A9DE04781FD737490079D0E8 /* MyCookBookTests.xctest */ = {isa = PBXFileReference; explicitFileType = wrapper.cfbundle; includeInIndex = 0; path = MyCookBookTests.xctest; sourceTree = BUILT_PRODUCTS_DIR; };
		A9DE047C1FD737490079D0E8 /* MyCookBookTests.swift */ = {isa = PBXFileReference; lastKnownFileType = sourcecode.swift; path = MyCookBookTests.swift; sourceTree = "<group>"; };
		A9DE047E1FD737490079D0E8 /* Info.plist */ = {isa = PBXFileReference; lastKnownFileType = text.plist.xml; path = Info.plist; sourceTree = "<group>"; };
		A9DE04811FD737490079D0E8 /* MyCookBook WatchKit App.app */ = {isa = PBXFileReference; explicitFileType = wrapper.application; includeInIndex = 0; path = "MyCookBook WatchKit App.app"; sourceTree = BUILT_PRODUCTS_DIR; };
		A9DE04871FD737490079D0E8 /* Base */ = {isa = PBXFileReference; lastKnownFileType = file.storyboard; name = Base; path = Base.lproj/Interface.storyboard; sourceTree = "<group>"; };
		A9DE04891FD737490079D0E8 /* Assets.xcassets */ = {isa = PBXFileReference; lastKnownFileType = folder.assetcatalog; path = Assets.xcassets; sourceTree = "<group>"; };
		A9DE048B1FD737490079D0E8 /* Info.plist */ = {isa = PBXFileReference; lastKnownFileType = text.plist.xml; path = Info.plist; sourceTree = "<group>"; };
		A9DE04901FD737490079D0E8 /* MyCookBook WatchKit Extension.appex */ = {isa = PBXFileReference; explicitFileType = "wrapper.app-extension"; includeInIndex = 0; path = "MyCookBook WatchKit Extension.appex"; sourceTree = BUILT_PRODUCTS_DIR; };
		A9DE04951FD737490079D0E8 /* InterfaceController.swift */ = {isa = PBXFileReference; lastKnownFileType = sourcecode.swift; path = InterfaceController.swift; sourceTree = "<group>"; };
		A9DE04971FD737490079D0E8 /* ExtensionDelegate.swift */ = {isa = PBXFileReference; lastKnownFileType = sourcecode.swift; path = ExtensionDelegate.swift; sourceTree = "<group>"; };
		A9DE04991FD737490079D0E8 /* NotificationController.swift */ = {isa = PBXFileReference; lastKnownFileType = sourcecode.swift; path = NotificationController.swift; sourceTree = "<group>"; };
		A9DE049B1FD737490079D0E8 /* ComplicationController.swift */ = {isa = PBXFileReference; lastKnownFileType = sourcecode.swift; path = ComplicationController.swift; sourceTree = "<group>"; };
		A9DE049D1FD737490079D0E8 /* Assets.xcassets */ = {isa = PBXFileReference; lastKnownFileType = folder.assetcatalog; path = Assets.xcassets; sourceTree = "<group>"; };
		A9DE049F1FD737490079D0E8 /* Info.plist */ = {isa = PBXFileReference; lastKnownFileType = text.plist.xml; path = Info.plist; sourceTree = "<group>"; };
		A9DE04A01FD737490079D0E8 /* PushNotificationPayload.apns */ = {isa = PBXFileReference; lastKnownFileType = text; path = PushNotificationPayload.apns; sourceTree = "<group>"; };
		A9DE04C11FDD78CD0079D0E8 /* FileManager+document.swift */ = {isa = PBXFileReference; lastKnownFileType = sourcecode.swift; path = "FileManager+document.swift"; sourceTree = "<group>"; };
		A9DE04C41FDD79070079D0E8 /* DataManager.swift */ = {isa = PBXFileReference; lastKnownFileType = sourcecode.swift; path = DataManager.swift; sourceTree = "<group>"; };
		A9DE04CA1FDE82090079D0E8 /* CoreDataManager.swift */ = {isa = PBXFileReference; lastKnownFileType = sourcecode.swift; path = CoreDataManager.swift; sourceTree = "<group>"; };
		A9DE04DC1FDE89FD0079D0E8 /* README.md */ = {isa = PBXFileReference; lastKnownFileType = net.daringfireball.markdown; path = README.md; sourceTree = "<group>"; };
		A9E706321FF3DBFB00271E67 /* RecipesPresenter.swift */ = {isa = PBXFileReference; lastKnownFileType = sourcecode.swift; path = RecipesPresenter.swift; sourceTree = "<group>"; };
		A9E706361FF3E23800271E67 /* RecipesWireframe.swift */ = {isa = PBXFileReference; lastKnownFileType = sourcecode.swift; path = RecipesWireframe.swift; sourceTree = "<group>"; };
		BF40E0A220010180003380B1 /* ListIngredientRowController.swift */ = {isa = PBXFileReference; lastKnownFileType = sourcecode.swift; path = ListIngredientRowController.swift; sourceTree = "<group>"; };
		BF40E0A520010297003380B1 /* ListRecipeRowController.swift */ = {isa = PBXFileReference; lastKnownFileType = sourcecode.swift; path = ListRecipeRowController.swift; sourceTree = "<group>"; };
		BF484566200A6260001428F1 /* RecipeWatch.swift */ = {isa = PBXFileReference; lastKnownFileType = sourcecode.swift; path = RecipeWatch.swift; sourceTree = "<group>"; };
		BF484569200A6D77001428F1 /* IngredientWatch.swift */ = {isa = PBXFileReference; lastKnownFileType = sourcecode.swift; path = IngredientWatch.swift; sourceTree = "<group>"; };
		BF48456C200A7918001428F1 /* IngredientListInterfaceController.swift */ = {isa = PBXFileReference; lastKnownFileType = sourcecode.swift; path = IngredientListInterfaceController.swift; sourceTree = "<group>"; };
		BF6DC33020176FA10079F7CA /* AddRecipeVIewController.swift */ = {isa = PBXFileReference; fileEncoding = 4; lastKnownFileType = sourcecode.swift; path = AddRecipeVIewController.swift; sourceTree = "<group>"; };
		BF6DC33220176FC90079F7CA /* StepsViewController.xib */ = {isa = PBXFileReference; fileEncoding = 4; lastKnownFileType = file.xib; path = StepsViewController.xib; sourceTree = "<group>"; };
		BF6DC33320176FC90079F7CA /* IngredientsViewController.xib */ = {isa = PBXFileReference; fileEncoding = 4; lastKnownFileType = file.xib; path = IngredientsViewController.xib; sourceTree = "<group>"; };
		BF6DC33420176FC90079F7CA /* StepsViewController.swift */ = {isa = PBXFileReference; fileEncoding = 4; lastKnownFileType = sourcecode.swift; path = StepsViewController.swift; sourceTree = "<group>"; };
		BF6DC33520176FC90079F7CA /* IngredientsViewController.swift */ = {isa = PBXFileReference; fileEncoding = 4; lastKnownFileType = sourcecode.swift; path = IngredientsViewController.swift; sourceTree = "<group>"; };
		BF6DC33A20176FE40079F7CA /* DifficultyTableViewCell.swift */ = {isa = PBXFileReference; fileEncoding = 4; lastKnownFileType = sourcecode.swift; path = DifficultyTableViewCell.swift; sourceTree = "<group>"; };
		BF6DC33B20176FE50079F7CA /* IngredientTableViewCell.swift */ = {isa = PBXFileReference; fileEncoding = 4; lastKnownFileType = sourcecode.swift; path = IngredientTableViewCell.swift; sourceTree = "<group>"; };
		BF6DC33C20176FE50079F7CA /* ButtonTableViewCell.swift */ = {isa = PBXFileReference; fileEncoding = 4; lastKnownFileType = sourcecode.swift; path = ButtonTableViewCell.swift; sourceTree = "<group>"; };
		BF6DC33D20176FE50079F7CA /* StepTableViewCell.swift */ = {isa = PBXFileReference; fileEncoding = 4; lastKnownFileType = sourcecode.swift; path = StepTableViewCell.swift; sourceTree = "<group>"; };
		BF6DC33E20176FE50079F7CA /* StepTableViewCell.xib */ = {isa = PBXFileReference; fileEncoding = 4; lastKnownFileType = file.xib; path = StepTableViewCell.xib; sourceTree = "<group>"; };
		BF6DC33F20176FE50079F7CA /* ButtonTableViewCell.xib */ = {isa = PBXFileReference; fileEncoding = 4; lastKnownFileType = file.xib; path = ButtonTableViewCell.xib; sourceTree = "<group>"; };
		BF6DC34020176FE50079F7CA /* DifficultyTableViewCell.xib */ = {isa = PBXFileReference; fileEncoding = 4; lastKnownFileType = file.xib; path = DifficultyTableViewCell.xib; sourceTree = "<group>"; };
		BF6DC34B201778E80079F7CA /* MyCookBook.xcdatamodel */ = {isa = PBXFileReference; lastKnownFileType = wrapper.xcdatamodel; path = MyCookBook.xcdatamodel; sourceTree = "<group>"; };
		BF71174920177E8300618AC9 /* IngredientTableViewCell.xib */ = {isa = PBXFileReference; lastKnownFileType = file.xib; path = IngredientTableViewCell.xib; sourceTree = "<group>"; };
		BF7BE830201792E9007A8556 /* DetailRecipeInteractor.swift */ = {isa = PBXFileReference; lastKnownFileType = sourcecode.swift; path = DetailRecipeInteractor.swift; sourceTree = "<group>"; };
		BF7BE83220179301007A8556 /* DetailRecipePresenter.swift */ = {isa = PBXFileReference; lastKnownFileType = sourcecode.swift; path = DetailRecipePresenter.swift; sourceTree = "<group>"; };
		BF7BE8342017933F007A8556 /* DetailRecipeViewController.swift */ = {isa = PBXFileReference; lastKnownFileType = sourcecode.swift; path = DetailRecipeViewController.swift; sourceTree = "<group>"; };
		BF7BE8352017933F007A8556 /* DetailRecipeViewController.xib */ = {isa = PBXFileReference; lastKnownFileType = file.xib; path = DetailRecipeViewController.xib; sourceTree = "<group>"; };
		BF7BE83820179369007A8556 /* DetailRecipeWireframe.swift */ = {isa = PBXFileReference; lastKnownFileType = sourcecode.swift; path = DetailRecipeWireframe.swift; sourceTree = "<group>"; };
		BFE5664520176DB30080886F /* RecipesWireframe.swift */ = {isa = PBXFileReference; fileEncoding = 4; lastKnownFileType = sourcecode.swift; path = RecipesWireframe.swift; sourceTree = "<group>"; };
		BFE5664620176DB30080886F /* RecipesPresenter.swift */ = {isa = PBXFileReference; fileEncoding = 4; lastKnownFileType = sourcecode.swift; path = RecipesPresenter.swift; sourceTree = "<group>"; };
		BFE5664820176DB40080886F /* RecipesViewController.swift */ = {isa = PBXFileReference; fileEncoding = 4; lastKnownFileType = sourcecode.swift; path = RecipesViewController.swift; sourceTree = "<group>"; };
		BFE5664920176DB40080886F /* RecipesViewController.xib */ = {isa = PBXFileReference; fileEncoding = 4; lastKnownFileType = file.xib; path = RecipesViewController.xib; sourceTree = "<group>"; };
		BFE5664A20176DB40080886F /* RecipesInteractor.swift */ = {isa = PBXFileReference; fileEncoding = 4; lastKnownFileType = sourcecode.swift; path = RecipesInteractor.swift; sourceTree = "<group>"; };
		CE7D05086C08DBE3AC2A12D5 /* Pods-MyCookBook.release.xcconfig */ = {isa = PBXFileReference; includeInIndex = 1; lastKnownFileType = text.xcconfig; name = "Pods-MyCookBook.release.xcconfig"; path = "Pods/Target Support Files/Pods-MyCookBook/Pods-MyCookBook.release.xcconfig"; sourceTree = "<group>"; };
		E807CAE3B509FA745F44685C /* Pods_MyCookBook.framework */ = {isa = PBXFileReference; explicitFileType = wrapper.framework; includeInIndex = 0; path = Pods_MyCookBook.framework; sourceTree = BUILT_PRODUCTS_DIR; };
		F499CFD38719E1DA4C969117 /* Pods-MyCookBookTests.release.xcconfig */ = {isa = PBXFileReference; includeInIndex = 1; lastKnownFileType = text.xcconfig; name = "Pods-MyCookBookTests.release.xcconfig"; path = "Pods/Target Support Files/Pods-MyCookBookTests/Pods-MyCookBookTests.release.xcconfig"; sourceTree = "<group>"; };
		F6E7D171E9A8185BB5DCEA91 /* Pods-MyCookBook WatchKit App.release.xcconfig */ = {isa = PBXFileReference; includeInIndex = 1; lastKnownFileType = text.xcconfig; name = "Pods-MyCookBook WatchKit App.release.xcconfig"; path = "Pods/Target Support Files/Pods-MyCookBook WatchKit App/Pods-MyCookBook WatchKit App.release.xcconfig"; sourceTree = "<group>"; };
/* End PBXFileReference section */

/* Begin PBXFrameworksBuildPhase section */
		6A391EE4BD282D5CF3F36DC0 /* Frameworks */ = {
			isa = PBXFrameworksBuildPhase;
			buildActionMask = 2147483647;
			files = (
				83519A8BAD7FAD430F7D4AFC /* Pods_MyCookBook_WatchKit_App.framework in Frameworks */,
			);
			runOnlyForDeploymentPostprocessing = 0;
		};
		A9DE04611FD737480079D0E8 /* Frameworks */ = {
			isa = PBXFrameworksBuildPhase;
			buildActionMask = 2147483647;
			files = (
				F8FD01BC981E6F032AF27B8E /* Pods_MyCookBook.framework in Frameworks */,
			);
			runOnlyForDeploymentPostprocessing = 0;
		};
		A9DE04751FD737490079D0E8 /* Frameworks */ = {
			isa = PBXFrameworksBuildPhase;
			buildActionMask = 2147483647;
			files = (
				22A2BF31AD6058E50265531C /* Pods_MyCookBookTests.framework in Frameworks */,
			);
			runOnlyForDeploymentPostprocessing = 0;
		};
		A9DE048D1FD737490079D0E8 /* Frameworks */ = {
			isa = PBXFrameworksBuildPhase;
			buildActionMask = 2147483647;
			files = (
			);
			runOnlyForDeploymentPostprocessing = 0;
		};
/* End PBXFrameworksBuildPhase section */

/* Begin PBXGroup section */
		91164140201129A60045905C /* DetailRecipe */ = {
			isa = PBXGroup;
			children = (
				91164149201129D50045905C /* View */,
			);
			path = DetailRecipe;
			sourceTree = "<group>";
		};
		91164149201129D50045905C /* View */ = {
			isa = PBXGroup;
			children = (
				BF6DC33520176FC90079F7CA /* IngredientsViewController.swift */,
				BF6DC33320176FC90079F7CA /* IngredientsViewController.xib */,
				BF6DC33420176FC90079F7CA /* StepsViewController.swift */,
				BF6DC33220176FC90079F7CA /* StepsViewController.xib */,
			);
			path = View;
			sourceTree = "<group>";
		};
		9FD22999B3CAA2BBA3C6441C /* Pods */ = {
			isa = PBXGroup;
			children = (
				6B2F6C301696DFFA096FBB50 /* Pods-MyCookBook.debug.xcconfig */,
				CE7D05086C08DBE3AC2A12D5 /* Pods-MyCookBook.release.xcconfig */,
				51C345AD9C05EE9CBC0F08B8 /* Pods-MyCookBook WatchKit App.debug.xcconfig */,
				F6E7D171E9A8185BB5DCEA91 /* Pods-MyCookBook WatchKit App.release.xcconfig */,
				2EFF9B26C1BE303AA83A9962 /* Pods-MyCookBookTests.debug.xcconfig */,
				F499CFD38719E1DA4C969117 /* Pods-MyCookBookTests.release.xcconfig */,
			);
			name = Pods;
			sourceTree = "<group>";
		};
		A8A2655E57663DA6507FA49E /* Frameworks */ = {
			isa = PBXGroup;
			children = (
				E807CAE3B509FA745F44685C /* Pods_MyCookBook.framework */,
				65E84DE717F178BCF37FB4A8 /* Pods_MyCookBookTests.framework */,
				6F1039617A00E3604B2985D1 /* Pods_MyCookBook_WatchKit_App.framework */,
				439641E3EE624C2F5E6C5C67 /* Pods_MyCookBook_WatchKit_Extension.framework */,
			);
			name = Frameworks;
			sourceTree = "<group>";
		};
		A94F43811FFB781C00735A1E /* view */ = {
			isa = PBXGroup;
			children = (
				91164140201129A60045905C /* DetailRecipe */,
				A96E459B1FFD1480005AB56E /* recipes */,
				A94F43821FFB788900735A1E /* BaseViewController.swift */,
			);
			name = view;
			path = "New Group";
			sourceTree = "<group>";
		};
		A94F438F1FFBB06700735A1E /* AddRecipe */ = {
			isa = PBXGroup;
			children = (
				A94F439D1FFBB0ED00735A1E /* Wireframe */,
				A94F439C1FFBB0CA00735A1E /* Presenter */,
				A94F439B1FFBB0C300735A1E /* Interactor */,
				A94F439A1FFBB0BE00735A1E /* View */,
			);
			path = AddRecipe;
			sourceTree = "<group>";
		};
		A94F439A1FFBB0BE00735A1E /* View */ = {
			isa = PBXGroup;
			children = (
				BF6DC33020176FA10079F7CA /* AddRecipeVIewController.swift */,
				A94F43A51FFBB12D00735A1E /* AddRecipeViewController.xib */,
			);
			path = View;
			sourceTree = "<group>";
		};
		A94F439B1FFBB0C300735A1E /* Interactor */ = {
			isa = PBXGroup;
			children = (
				A94F43A21FFBB11400735A1E /* AddRecipeInteractor.swift */,
			);
			path = Interactor;
			sourceTree = "<group>";
		};
		A94F439C1FFBB0CA00735A1E /* Presenter */ = {
			isa = PBXGroup;
			children = (
				A94F43A01FFBB10B00735A1E /* AddRecipePresenter.swift */,
			);
			path = Presenter;
			sourceTree = "<group>";
		};
		A94F439D1FFBB0ED00735A1E /* Wireframe */ = {
			isa = PBXGroup;
			children = (
				A94F439E1FFBB10100735A1E /* AddRecipeWireframe.swift */,
			);
			path = Wireframe;
			sourceTree = "<group>";
		};
		A96E459B1FFD1480005AB56E /* recipes */ = {
			isa = PBXGroup;
			children = (
				BF6DC33C20176FE50079F7CA /* ButtonTableViewCell.swift */,
				BF6DC33F20176FE50079F7CA /* ButtonTableViewCell.xib */,
				BF6DC33A20176FE40079F7CA /* DifficultyTableViewCell.swift */,
				BF6DC34020176FE50079F7CA /* DifficultyTableViewCell.xib */,
				BF6DC33B20176FE50079F7CA /* IngredientTableViewCell.swift */,
				BF71174920177E8300618AC9 /* IngredientTableViewCell.xib */,
				BF6DC33D20176FE50079F7CA /* StepTableViewCell.swift */,
				BF6DC33E20176FE50079F7CA /* StepTableViewCell.xib */,
				A96E459C1FFD2482005AB56E /* ImageTableViewCell.swift */,
				A96E459D1FFD2482005AB56E /* ImageTableViewCell.xib */,
				A96E45A01FFD34AD005AB56E /* TextFieldTableViewCell.swift */,
				A96E45A11FFD34AD005AB56E /* TextFieldTableViewCell.xib */,
			);
			path = recipes;
			sourceTree = "<group>";
		};
		A9DE045B1FD737480079D0E8 = {
			isa = PBXGroup;
			children = (
				A9DE04661FD737480079D0E8 /* MyCookBook */,
				A9DE047B1FD737490079D0E8 /* MyCookBookTests */,
				A9DE04851FD737490079D0E8 /* MyCookBook WatchKit App */,
				A9DE04941FD737490079D0E8 /* MyCookBook WatchKit Extension */,
				A9DE04651FD737480079D0E8 /* Products */,
				9FD22999B3CAA2BBA3C6441C /* Pods */,
				A8A2655E57663DA6507FA49E /* Frameworks */,
				BF2AC7E520176904007AEBEA /* Recovered References */,
			);
			sourceTree = "<group>";
		};
		A9DE04651FD737480079D0E8 /* Products */ = {
			isa = PBXGroup;
			children = (
				A9DE04641FD737480079D0E8 /* MyCookBook.app */,
				A9DE04781FD737490079D0E8 /* MyCookBookTests.xctest */,
				A9DE04811FD737490079D0E8 /* MyCookBook WatchKit App.app */,
				A9DE04901FD737490079D0E8 /* MyCookBook WatchKit Extension.appex */,
			);
			name = Products;
			sourceTree = "<group>";
		};
		A9DE04661FD737480079D0E8 /* MyCookBook */ = {
			isa = PBXGroup;
			children = (
				A9DE04C71FDD867F0079D0E8 /* Classes */,
				A9DE04C61FDD86730079D0E8 /* Ressouces */,
				A9DE04731FD737480079D0E8 /* Info.plist */,
				A9DE04DC1FDE89FD0079D0E8 /* README.md */,
			);
			path = MyCookBook;
			sourceTree = "<group>";
		};
		A9DE047B1FD737490079D0E8 /* MyCookBookTests */ = {
			isa = PBXGroup;
			children = (
				A9DE047C1FD737490079D0E8 /* MyCookBookTests.swift */,
				A9DE047E1FD737490079D0E8 /* Info.plist */,
			);
			path = MyCookBookTests;
			sourceTree = "<group>";
		};
		A9DE04851FD737490079D0E8 /* MyCookBook WatchKit App */ = {
			isa = PBXGroup;
			children = (
				A9DE04861FD737490079D0E8 /* Interface.storyboard */,
				A9DE04891FD737490079D0E8 /* Assets.xcassets */,
				A9DE048B1FD737490079D0E8 /* Info.plist */,
			);
			path = "MyCookBook WatchKit App";
			sourceTree = "<group>";
		};
		A9DE04941FD737490079D0E8 /* MyCookBook WatchKit Extension */ = {
			isa = PBXGroup;
			children = (
				BF40E0A420010248003380B1 /* ListController */,
				A9DE04951FD737490079D0E8 /* InterfaceController.swift */,
				BF48456C200A7918001428F1 /* IngredientListInterfaceController.swift */,
				A9DE04971FD737490079D0E8 /* ExtensionDelegate.swift */,
				A9DE04991FD737490079D0E8 /* NotificationController.swift */,
				A9DE049B1FD737490079D0E8 /* ComplicationController.swift */,
				A9DE049D1FD737490079D0E8 /* Assets.xcassets */,
				A9DE049F1FD737490079D0E8 /* Info.plist */,
				A9DE04A01FD737490079D0E8 /* PushNotificationPayload.apns */,
			);
			path = "MyCookBook WatchKit Extension";
			sourceTree = "<group>";
		};
		A9DE04C01FDD78B30079D0E8 /* utils */ = {
			isa = PBXGroup;
			children = (
				A9DE04C11FDD78CD0079D0E8 /* FileManager+document.swift */,
				A9DE04C41FDD79070079D0E8 /* DataManager.swift */,
			);
			path = utils;
			sourceTree = "<group>";
		};
		A9DE04C61FDD86730079D0E8 /* Ressouces */ = {
			isa = PBXGroup;
			children = (
				A9DE046B1FD737480079D0E8 /* Main.storyboard */,
				A9DE046E1FD737480079D0E8 /* Assets.xcassets */,
				A9DE04701FD737480079D0E8 /* LaunchScreen.storyboard */,
			);
			path = Ressouces;
			sourceTree = "<group>";
		};
		A9DE04C71FDD867F0079D0E8 /* Classes */ = {
			isa = PBXGroup;
			children = (
				A9DE04D51FDE899B0079D0E8 /* Modules */,
				A9DE04C81FDD8C050079D0E8 /* Common */,
				A9DE04671FD737480079D0E8 /* AppDelegate.swift */,
				A94F436B1FF6918F00735A1E /* RootWireframe.swift */,
			);
			path = Classes;
			sourceTree = "<group>";
		};
		A9DE04C81FDD8C050079D0E8 /* Common */ = {
			isa = PBXGroup;
			children = (
				A94F43811FFB781C00735A1E /* view */,
				A9DE04C01FDD78B30079D0E8 /* utils */,
				A9DE04C91FDE81E40079D0E8 /* Store */,
			);
			path = Common;
			sourceTree = "<group>";
		};
		A9DE04C91FDE81E40079D0E8 /* Store */ = {
			isa = PBXGroup;
			children = (
				A9BB83202017E38200A91801 /* Recipe+CoreDataClass.swift */,
				A9BB83232017E38200A91801 /* Recipe+CoreDataProperties.swift */,
				A9BB831F2017E38200A91801 /* Step+CoreDataClass.swift */,
				A9BB831E2017E38200A91801 /* Step+CoreDataProperties.swift */,
				A9BB83222017E38200A91801 /* Ingredient+CoreDataClass.swift */,
				A9BB83212017E38200A91801 /* Ingredient+CoreDataProperties.swift */,
				BF6DC34A201778E80079F7CA /* MyCookBook.xcdatamodeld */,
				BF484565200A623E001428F1 /* WatchModel */,
				A9DE04CA1FDE82090079D0E8 /* CoreDataManager.swift */,
			);
			path = Store;
			sourceTree = "<group>";
		};
		A9DE04D51FDE899B0079D0E8 /* Modules */ = {
			isa = PBXGroup;
			children = (
				BF7BE82F20179290007A8556 /* DetailRecipe */,
				A94F438F1FFBB06700735A1E /* AddRecipe */,
				A9DE04D61FDE89A30079D0E8 /* Recipes */,
			);
			path = Modules;
			sourceTree = "<group>";
		};
		A9DE04D61FDE89A30079D0E8 /* Recipes */ = {
			isa = PBXGroup;
			children = (
				BFE5664A20176DB40080886F /* RecipesInteractor.swift */,
				BFE5664620176DB30080886F /* RecipesPresenter.swift */,
				BFE5664820176DB40080886F /* RecipesViewController.swift */,
				BFE5664920176DB40080886F /* RecipesViewController.xib */,
				BFE5664520176DB30080886F /* RecipesWireframe.swift */,
				A9C29BA82017F40B009CE85D /* RecipesCollectionViewCell.swift */,
				A9C29BA92017F40B009CE85D /* RecipesCollectionViewCell.xib */,
			);
			path = Recipes;
			sourceTree = "<group>";
		};
		BF2AC7E520176904007AEBEA /* Recovered References */ = {
			isa = PBXGroup;
			children = (
				A9E706321FF3DBFB00271E67 /* RecipesPresenter.swift */,
				A9E706361FF3E23800271E67 /* RecipesWireframe.swift */,
			);
			name = "Recovered References";
			sourceTree = "<group>";
		};
		BF40E0A420010248003380B1 /* ListController */ = {
			isa = PBXGroup;
			children = (
				BF40E0A220010180003380B1 /* ListIngredientRowController.swift */,
				BF40E0A520010297003380B1 /* ListRecipeRowController.swift */,
			);
			path = ListController;
			sourceTree = "<group>";
		};
		BF484565200A623E001428F1 /* WatchModel */ = {
			isa = PBXGroup;
			children = (
				BF484566200A6260001428F1 /* RecipeWatch.swift */,
				BF484569200A6D77001428F1 /* IngredientWatch.swift */,
			);
			path = WatchModel;
			sourceTree = "<group>";
		};
		BF7BE82F20179290007A8556 /* DetailRecipe */ = {
			isa = PBXGroup;
			children = (
				BF7BE830201792E9007A8556 /* DetailRecipeInteractor.swift */,
				BF7BE83220179301007A8556 /* DetailRecipePresenter.swift */,
				BF7BE8342017933F007A8556 /* DetailRecipeViewController.swift */,
				BF7BE83820179369007A8556 /* DetailRecipeWireframe.swift */,
				BF7BE8352017933F007A8556 /* DetailRecipeViewController.xib */,
			);
			path = DetailRecipe;
			sourceTree = "<group>";
		};
/* End PBXGroup section */

/* Begin PBXNativeTarget section */
		A9DE04631FD737480079D0E8 /* MyCookBook */ = {
			isa = PBXNativeTarget;
			buildConfigurationList = A9DE04AB1FD737490079D0E8 /* Build configuration list for PBXNativeTarget "MyCookBook" */;
			buildPhases = (
				5C31DE094647E9FFB003E7D0 /* [CP] Check Pods Manifest.lock */,
				A9DE04601FD737480079D0E8 /* Sources */,
				A9DE04611FD737480079D0E8 /* Frameworks */,
				A9DE04621FD737480079D0E8 /* Resources */,
				A9DE04AA1FD737490079D0E8 /* Embed Watch Content */,
				9DEDF7415354185A3849B740 /* [CP] Embed Pods Frameworks */,
				C71240B8F5A6835928E8DA00 /* [CP] Copy Pods Resources */,
			);
			buildRules = (
			);
			dependencies = (
				A9DE04841FD737490079D0E8 /* PBXTargetDependency */,
			);
			name = MyCookBook;
			productName = MyCookBook;
			productReference = A9DE04641FD737480079D0E8 /* MyCookBook.app */;
			productType = "com.apple.product-type.application";
		};
		A9DE04771FD737490079D0E8 /* MyCookBookTests */ = {
			isa = PBXNativeTarget;
			buildConfigurationList = A9DE04AE1FD737490079D0E8 /* Build configuration list for PBXNativeTarget "MyCookBookTests" */;
			buildPhases = (
				53E2F74ACC2642E00E22FEDA /* [CP] Check Pods Manifest.lock */,
				A9DE04741FD737490079D0E8 /* Sources */,
				A9DE04751FD737490079D0E8 /* Frameworks */,
				A9DE04761FD737490079D0E8 /* Resources */,
				6D19940540425A1818A20EAA /* [CP] Embed Pods Frameworks */,
				82F9AFABFDD357F30C7788AC /* [CP] Copy Pods Resources */,
			);
			buildRules = (
			);
			dependencies = (
				A9DE047A1FD737490079D0E8 /* PBXTargetDependency */,
			);
			name = MyCookBookTests;
			productName = MyCookBookTests;
			productReference = A9DE04781FD737490079D0E8 /* MyCookBookTests.xctest */;
			productType = "com.apple.product-type.bundle.unit-test";
		};
		A9DE04801FD737490079D0E8 /* MyCookBook WatchKit App */ = {
			isa = PBXNativeTarget;
			buildConfigurationList = A9DE04A71FD737490079D0E8 /* Build configuration list for PBXNativeTarget "MyCookBook WatchKit App" */;
			buildPhases = (
				895F86FD22723FFCF5C95C06 /* [CP] Check Pods Manifest.lock */,
				A9DE047F1FD737490079D0E8 /* Resources */,
				A9DE04A61FD737490079D0E8 /* Embed App Extensions */,
				6A391EE4BD282D5CF3F36DC0 /* Frameworks */,
				A6381C4FFA6B011E13AC5745 /* [CP] Copy Pods Resources */,
			);
			buildRules = (
			);
			dependencies = (
				A9DE04931FD737490079D0E8 /* PBXTargetDependency */,
			);
			name = "MyCookBook WatchKit App";
			productName = "MyCookBook WatchKit App";
			productReference = A9DE04811FD737490079D0E8 /* MyCookBook WatchKit App.app */;
			productType = "com.apple.product-type.application.watchapp2";
		};
		A9DE048F1FD737490079D0E8 /* MyCookBook WatchKit Extension */ = {
			isa = PBXNativeTarget;
			buildConfigurationList = A9DE04A31FD737490079D0E8 /* Build configuration list for PBXNativeTarget "MyCookBook WatchKit Extension" */;
			buildPhases = (
				A9DE048C1FD737490079D0E8 /* Sources */,
				A9DE048D1FD737490079D0E8 /* Frameworks */,
				A9DE048E1FD737490079D0E8 /* Resources */,
			);
			buildRules = (
			);
			dependencies = (
			);
			name = "MyCookBook WatchKit Extension";
			productName = "MyCookBook WatchKit Extension";
			productReference = A9DE04901FD737490079D0E8 /* MyCookBook WatchKit Extension.appex */;
			productType = "com.apple.product-type.watchkit2-extension";
		};
/* End PBXNativeTarget section */

/* Begin PBXProject section */
		A9DE045C1FD737480079D0E8 /* Project object */ = {
			isa = PBXProject;
			attributes = {
				LastSwiftUpdateCheck = 0910;
				LastUpgradeCheck = 0910;
				ORGANIZATIONNAME = "Guillaume Chieb bouares";
				TargetAttributes = {
					A9DE04631FD737480079D0E8 = {
						CreatedOnToolsVersion = 9.1;
						ProvisioningStyle = Automatic;
					};
					A9DE04771FD737490079D0E8 = {
						CreatedOnToolsVersion = 9.1;
						ProvisioningStyle = Automatic;
						TestTargetID = A9DE04631FD737480079D0E8;
					};
					A9DE04801FD737490079D0E8 = {
						CreatedOnToolsVersion = 9.1;
						ProvisioningStyle = Automatic;
					};
					A9DE048F1FD737490079D0E8 = {
						CreatedOnToolsVersion = 9.1;
						ProvisioningStyle = Automatic;
					};
				};
			};
			buildConfigurationList = A9DE045F1FD737480079D0E8 /* Build configuration list for PBXProject "MyCookBook" */;
			compatibilityVersion = "Xcode 8.0";
			developmentRegion = en;
			hasScannedForEncodings = 0;
			knownRegions = (
				en,
				Base,
			);
			mainGroup = A9DE045B1FD737480079D0E8;
			productRefGroup = A9DE04651FD737480079D0E8 /* Products */;
			projectDirPath = "";
			projectRoot = "";
			targets = (
				A9DE04631FD737480079D0E8 /* MyCookBook */,
				A9DE04771FD737490079D0E8 /* MyCookBookTests */,
				A9DE04801FD737490079D0E8 /* MyCookBook WatchKit App */,
				A9DE048F1FD737490079D0E8 /* MyCookBook WatchKit Extension */,
			);
		};
/* End PBXProject section */

/* Begin PBXResourcesBuildPhase section */
		A9DE04621FD737480079D0E8 /* Resources */ = {
			isa = PBXResourcesBuildPhase;
			buildActionMask = 2147483647;
			files = (
				A96E459F1FFD2482005AB56E /* ImageTableViewCell.xib in Resources */,
				BF6DC34520176FE50079F7CA /* StepTableViewCell.xib in Resources */,
				91164130201106F80045905C /* (null) in Resources */,
				A94F43A71FFBB12D00735A1E /* AddRecipeViewController.xib in Resources */,
				9116416120114AF00045905C /* (null) in Resources */,
				BF6DC33720176FCA0079F7CA /* IngredientsViewController.xib in Resources */,
				BF71174A20177E8300618AC9 /* IngredientTableViewCell.xib in Resources */,
				91164148201129D00045905C /* (null) in Resources */,
				7432B018200C12C8001F9E2F /* (null) in Resources */,
				BF6DC33620176FCA0079F7CA /* StepsViewController.xib in Resources */,
				A9C29BAB2017F40B009CE85D /* RecipesCollectionViewCell.xib in Resources */,
				BF7BE8372017933F007A8556 /* DetailRecipeViewController.xib in Resources */,
				9116412C2010FB550045905C /* (null) in Resources */,
				A9DE04721FD737480079D0E8 /* LaunchScreen.storyboard in Resources */,
				BFE5665020176DB40080886F /* RecipesViewController.xib in Resources */,
				BF6DC34620176FE50079F7CA /* ButtonTableViewCell.xib in Resources */,
				A9DE046F1FD737480079D0E8 /* Assets.xcassets in Resources */,
				A9DE046D1FD737480079D0E8 /* Main.storyboard in Resources */,
				91164144201129BC0045905C /* (null) in Resources */,
				9116416220114AF00045905C /* (null) in Resources */,
				BF6DC34720176FE50079F7CA /* DifficultyTableViewCell.xib in Resources */,
				A96E45A31FFD34AD005AB56E /* TextFieldTableViewCell.xib in Resources */,
			);
			runOnlyForDeploymentPostprocessing = 0;
		};
		A9DE04761FD737490079D0E8 /* Resources */ = {
			isa = PBXResourcesBuildPhase;
			buildActionMask = 2147483647;
			files = (
			);
			runOnlyForDeploymentPostprocessing = 0;
		};
		A9DE047F1FD737490079D0E8 /* Resources */ = {
			isa = PBXResourcesBuildPhase;
			buildActionMask = 2147483647;
			files = (
				A9DE048A1FD737490079D0E8 /* Assets.xcassets in Resources */,
				A9DE04881FD737490079D0E8 /* Interface.storyboard in Resources */,
			);
			runOnlyForDeploymentPostprocessing = 0;
		};
		A9DE048E1FD737490079D0E8 /* Resources */ = {
			isa = PBXResourcesBuildPhase;
			buildActionMask = 2147483647;
			files = (
				A9DE049E1FD737490079D0E8 /* Assets.xcassets in Resources */,
			);
			runOnlyForDeploymentPostprocessing = 0;
		};
/* End PBXResourcesBuildPhase section */

/* Begin PBXShellScriptBuildPhase section */
		53E2F74ACC2642E00E22FEDA /* [CP] Check Pods Manifest.lock */ = {
			isa = PBXShellScriptBuildPhase;
			buildActionMask = 2147483647;
			files = (
			);
			inputPaths = (
				"${PODS_PODFILE_DIR_PATH}/Podfile.lock",
				"${PODS_ROOT}/Manifest.lock",
			);
			name = "[CP] Check Pods Manifest.lock";
			outputPaths = (
				"$(DERIVED_FILE_DIR)/Pods-MyCookBookTests-checkManifestLockResult.txt",
			);
			runOnlyForDeploymentPostprocessing = 0;
			shellPath = /bin/sh;
			shellScript = "diff \"${PODS_PODFILE_DIR_PATH}/Podfile.lock\" \"${PODS_ROOT}/Manifest.lock\" > /dev/null\nif [ $? != 0 ] ; then\n    # print error to STDERR\n    echo \"error: The sandbox is not in sync with the Podfile.lock. Run 'pod install' or update your CocoaPods installation.\" >&2\n    exit 1\nfi\n# This output is used by Xcode 'outputs' to avoid re-running this script phase.\necho \"SUCCESS\" > \"${SCRIPT_OUTPUT_FILE_0}\"\n";
			showEnvVarsInLog = 0;
		};
		5C31DE094647E9FFB003E7D0 /* [CP] Check Pods Manifest.lock */ = {
			isa = PBXShellScriptBuildPhase;
			buildActionMask = 2147483647;
			files = (
			);
			inputPaths = (
				"${PODS_PODFILE_DIR_PATH}/Podfile.lock",
				"${PODS_ROOT}/Manifest.lock",
			);
			name = "[CP] Check Pods Manifest.lock";
			outputPaths = (
				"$(DERIVED_FILE_DIR)/Pods-MyCookBook-checkManifestLockResult.txt",
			);
			runOnlyForDeploymentPostprocessing = 0;
			shellPath = /bin/sh;
			shellScript = "diff \"${PODS_PODFILE_DIR_PATH}/Podfile.lock\" \"${PODS_ROOT}/Manifest.lock\" > /dev/null\nif [ $? != 0 ] ; then\n    # print error to STDERR\n    echo \"error: The sandbox is not in sync with the Podfile.lock. Run 'pod install' or update your CocoaPods installation.\" >&2\n    exit 1\nfi\n# This output is used by Xcode 'outputs' to avoid re-running this script phase.\necho \"SUCCESS\" > \"${SCRIPT_OUTPUT_FILE_0}\"\n";
			showEnvVarsInLog = 0;
		};
		6D19940540425A1818A20EAA /* [CP] Embed Pods Frameworks */ = {
			isa = PBXShellScriptBuildPhase;
			buildActionMask = 2147483647;
			files = (
			);
			inputPaths = (
			);
			name = "[CP] Embed Pods Frameworks";
			outputPaths = (
			);
			runOnlyForDeploymentPostprocessing = 0;
			shellPath = /bin/sh;
			shellScript = "\"${SRCROOT}/Pods/Target Support Files/Pods-MyCookBookTests/Pods-MyCookBookTests-frameworks.sh\"\n";
			showEnvVarsInLog = 0;
		};
		82F9AFABFDD357F30C7788AC /* [CP] Copy Pods Resources */ = {
			isa = PBXShellScriptBuildPhase;
			buildActionMask = 2147483647;
			files = (
			);
			inputPaths = (
			);
			name = "[CP] Copy Pods Resources";
			outputPaths = (
			);
			runOnlyForDeploymentPostprocessing = 0;
			shellPath = /bin/sh;
			shellScript = "\"${SRCROOT}/Pods/Target Support Files/Pods-MyCookBookTests/Pods-MyCookBookTests-resources.sh\"\n";
			showEnvVarsInLog = 0;
		};
		895F86FD22723FFCF5C95C06 /* [CP] Check Pods Manifest.lock */ = {
			isa = PBXShellScriptBuildPhase;
			buildActionMask = 2147483647;
			files = (
			);
			inputPaths = (
				"${PODS_PODFILE_DIR_PATH}/Podfile.lock",
				"${PODS_ROOT}/Manifest.lock",
			);
			name = "[CP] Check Pods Manifest.lock";
			outputPaths = (
				"$(DERIVED_FILE_DIR)/Pods-MyCookBook WatchKit App-checkManifestLockResult.txt",
			);
			runOnlyForDeploymentPostprocessing = 0;
			shellPath = /bin/sh;
			shellScript = "diff \"${PODS_PODFILE_DIR_PATH}/Podfile.lock\" \"${PODS_ROOT}/Manifest.lock\" > /dev/null\nif [ $? != 0 ] ; then\n    # print error to STDERR\n    echo \"error: The sandbox is not in sync with the Podfile.lock. Run 'pod install' or update your CocoaPods installation.\" >&2\n    exit 1\nfi\n# This output is used by Xcode 'outputs' to avoid re-running this script phase.\necho \"SUCCESS\" > \"${SCRIPT_OUTPUT_FILE_0}\"\n";
			showEnvVarsInLog = 0;
		};
		9DEDF7415354185A3849B740 /* [CP] Embed Pods Frameworks */ = {
			isa = PBXShellScriptBuildPhase;
			buildActionMask = 2147483647;
			files = (
			);
			inputPaths = (
				"${SRCROOT}/Pods/Target Support Files/Pods-MyCookBook/Pods-MyCookBook-frameworks.sh",
				"${BUILT_PRODUCTS_DIR}/Cosmos/Cosmos.framework",
			);
			name = "[CP] Embed Pods Frameworks";
			outputPaths = (
				"${TARGET_BUILD_DIR}/${FRAMEWORKS_FOLDER_PATH}/Cosmos.framework",
			);
			runOnlyForDeploymentPostprocessing = 0;
			shellPath = /bin/sh;
			shellScript = "\"${SRCROOT}/Pods/Target Support Files/Pods-MyCookBook/Pods-MyCookBook-frameworks.sh\"\n";
			showEnvVarsInLog = 0;
		};
		A6381C4FFA6B011E13AC5745 /* [CP] Copy Pods Resources */ = {
			isa = PBXShellScriptBuildPhase;
			buildActionMask = 2147483647;
			files = (
			);
			inputPaths = (
			);
			name = "[CP] Copy Pods Resources";
			outputPaths = (
			);
			runOnlyForDeploymentPostprocessing = 0;
			shellPath = /bin/sh;
			shellScript = "\"${SRCROOT}/Pods/Target Support Files/Pods-MyCookBook WatchKit App/Pods-MyCookBook WatchKit App-resources.sh\"\n";
			showEnvVarsInLog = 0;
		};
		C71240B8F5A6835928E8DA00 /* [CP] Copy Pods Resources */ = {
			isa = PBXShellScriptBuildPhase;
			buildActionMask = 2147483647;
			files = (
			);
			inputPaths = (
			);
			name = "[CP] Copy Pods Resources";
			outputPaths = (
			);
			runOnlyForDeploymentPostprocessing = 0;
			shellPath = /bin/sh;
			shellScript = "\"${SRCROOT}/Pods/Target Support Files/Pods-MyCookBook/Pods-MyCookBook-resources.sh\"\n";
			showEnvVarsInLog = 0;
		};
/* End PBXShellScriptBuildPhase section */

/* Begin PBXSourcesBuildPhase section */
		A9DE04601FD737480079D0E8 /* Sources */ = {
			isa = PBXSourcesBuildPhase;
			buildActionMask = 2147483647;
			files = (
				BF6DC33920176FCA0079F7CA /* IngredientsViewController.swift in Sources */,
				A9DE04CB1FDE82090079D0E8 /* CoreDataManager.swift in Sources */,
				A9DE04C51FDD79070079D0E8 /* DataManager.swift in Sources */,
				BFE5664D20176DB40080886F /* RecipesPresenter.swift in Sources */,
				A94F43831FFB788A00735A1E /* BaseViewController.swift in Sources */,
				BF7BE83320179301007A8556 /* DetailRecipePresenter.swift in Sources */,
				A94F43A11FFBB10B00735A1E /* AddRecipePresenter.swift in Sources */,
				BF6DC33120176FA20079F7CA /* AddRecipeVIewController.swift in Sources */,
				BF6DC34420176FE50079F7CA /* StepTableViewCell.swift in Sources */,
				A94F43A31FFBB11400735A1E /* AddRecipeInteractor.swift in Sources */,
				A94F436C1FF6918F00735A1E /* RootWireframe.swift in Sources */,
				BFE5665120176DB40080886F /* RecipesInteractor.swift in Sources */,
				BF6DC33820176FCA0079F7CA /* StepsViewController.swift in Sources */,
				BF6DC34120176FE50079F7CA /* DifficultyTableViewCell.swift in Sources */,
				A94F439F1FFBB10100735A1E /* AddRecipeWireframe.swift in Sources */,
				A9DE04C21FDD78CD0079D0E8 /* FileManager+document.swift in Sources */,
				A9BB83252017E38300A91801 /* Step+CoreDataClass.swift in Sources */,
				9116415F20114AF00045905C /* (null) in Sources */,
				BFE5664C20176DB40080886F /* RecipesWireframe.swift in Sources */,
				A9DE04681FD737480079D0E8 /* AppDelegate.swift in Sources */,
				A96E45A21FFD34AD005AB56E /* TextFieldTableViewCell.swift in Sources */,
				A9BB83262017E38300A91801 /* Recipe+CoreDataClass.swift in Sources */,
				BF6DC34320176FE50079F7CA /* ButtonTableViewCell.swift in Sources */,
				BF6DC3482017709F0079F7CA /* RecipeWatch.swift in Sources */,
				A9BB83292017E38300A91801 /* Recipe+CoreDataProperties.swift in Sources */,
				9116415820114ADA0045905C /* (null) in Sources */,
				A9BB83242017E38300A91801 /* Step+CoreDataProperties.swift in Sources */,
				BF7BE8362017933F007A8556 /* DetailRecipeViewController.swift in Sources */,
				9116412F201106F80045905C /* (null) in Sources */,
				9116415A20114AE70045905C /* (null) in Sources */,
				91164147201129D00045905C /* (null) in Sources */,
				BF7BE83920179369007A8556 /* DetailRecipeWireframe.swift in Sources */,
				BF6DC34C201778E80079F7CA /* MyCookBook.xcdatamodeld in Sources */,
				A9BB83272017E38300A91801 /* Ingredient+CoreDataProperties.swift in Sources */,
				BF6DC349201770A20079F7CA /* IngredientWatch.swift in Sources */,
				A96E459E1FFD2482005AB56E /* ImageTableViewCell.swift in Sources */,
				BF7BE831201792E9007A8556 /* DetailRecipeInteractor.swift in Sources */,
				A9C29BAA2017F40B009CE85D /* RecipesCollectionViewCell.swift in Sources */,
				BFE5664F20176DB40080886F /* RecipesViewController.swift in Sources */,
				A9BB83282017E38300A91801 /* Ingredient+CoreDataClass.swift in Sources */,
				BF6DC34220176FE50079F7CA /* IngredientTableViewCell.swift in Sources */,
			);
			runOnlyForDeploymentPostprocessing = 0;
		};
		A9DE04741FD737490079D0E8 /* Sources */ = {
			isa = PBXSourcesBuildPhase;
			buildActionMask = 2147483647;
			files = (
				A9DE047D1FD737490079D0E8 /* MyCookBookTests.swift in Sources */,
			);
			runOnlyForDeploymentPostprocessing = 0;
		};
		A9DE048C1FD737490079D0E8 /* Sources */ = {
			isa = PBXSourcesBuildPhase;
			buildActionMask = 2147483647;
			files = (
				BF48456D200A7918001428F1 /* IngredientListInterfaceController.swift in Sources */,
				BF48456B200A70FA001428F1 /* IngredientWatch.swift in Sources */,
				BF40E0A320010180003380B1 /* ListIngredientRowController.swift in Sources */,
				A9DE049A1FD737490079D0E8 /* NotificationController.swift in Sources */,
				A9DE049C1FD737490079D0E8 /* ComplicationController.swift in Sources */,
				A9DE04981FD737490079D0E8 /* ExtensionDelegate.swift in Sources */,
				BF40E0A620010297003380B1 /* ListRecipeRowController.swift in Sources */,
				BF484568200A689E001428F1 /* RecipeWatch.swift in Sources */,
				A9DE04961FD737490079D0E8 /* InterfaceController.swift in Sources */,
			);
			runOnlyForDeploymentPostprocessing = 0;
		};
/* End PBXSourcesBuildPhase section */

/* Begin PBXTargetDependency section */
		A9DE047A1FD737490079D0E8 /* PBXTargetDependency */ = {
			isa = PBXTargetDependency;
			target = A9DE04631FD737480079D0E8 /* MyCookBook */;
			targetProxy = A9DE04791FD737490079D0E8 /* PBXContainerItemProxy */;
		};
		A9DE04841FD737490079D0E8 /* PBXTargetDependency */ = {
			isa = PBXTargetDependency;
			target = A9DE04801FD737490079D0E8 /* MyCookBook WatchKit App */;
			targetProxy = A9DE04831FD737490079D0E8 /* PBXContainerItemProxy */;
		};
		A9DE04931FD737490079D0E8 /* PBXTargetDependency */ = {
			isa = PBXTargetDependency;
			target = A9DE048F1FD737490079D0E8 /* MyCookBook WatchKit Extension */;
			targetProxy = A9DE04921FD737490079D0E8 /* PBXContainerItemProxy */;
		};
/* End PBXTargetDependency section */

/* Begin PBXVariantGroup section */
		A9DE046B1FD737480079D0E8 /* Main.storyboard */ = {
			isa = PBXVariantGroup;
			children = (
				A9DE046C1FD737480079D0E8 /* Base */,
			);
			name = Main.storyboard;
			sourceTree = "<group>";
		};
		A9DE04701FD737480079D0E8 /* LaunchScreen.storyboard */ = {
			isa = PBXVariantGroup;
			children = (
				A9DE04711FD737480079D0E8 /* Base */,
			);
			name = LaunchScreen.storyboard;
			sourceTree = "<group>";
		};
		A9DE04861FD737490079D0E8 /* Interface.storyboard */ = {
			isa = PBXVariantGroup;
			children = (
				A9DE04871FD737490079D0E8 /* Base */,
			);
			name = Interface.storyboard;
			sourceTree = "<group>";
		};
/* End PBXVariantGroup section */

/* Begin XCBuildConfiguration section */
		A9DE04A11FD737490079D0E8 /* Debug */ = {
			isa = XCBuildConfiguration;
			buildSettings = {
				ALWAYS_SEARCH_USER_PATHS = NO;
				CLANG_ANALYZER_NONNULL = YES;
				CLANG_ANALYZER_NUMBER_OBJECT_CONVERSION = YES_AGGRESSIVE;
				CLANG_CXX_LANGUAGE_STANDARD = "gnu++14";
				CLANG_CXX_LIBRARY = "libc++";
				CLANG_ENABLE_MODULES = YES;
				CLANG_ENABLE_OBJC_ARC = YES;
				CLANG_WARN_BLOCK_CAPTURE_AUTORELEASING = YES;
				CLANG_WARN_BOOL_CONVERSION = YES;
				CLANG_WARN_COMMA = YES;
				CLANG_WARN_CONSTANT_CONVERSION = YES;
				CLANG_WARN_DIRECT_OBJC_ISA_USAGE = YES_ERROR;
				CLANG_WARN_DOCUMENTATION_COMMENTS = YES;
				CLANG_WARN_EMPTY_BODY = YES;
				CLANG_WARN_ENUM_CONVERSION = YES;
				CLANG_WARN_INFINITE_RECURSION = YES;
				CLANG_WARN_INT_CONVERSION = YES;
				CLANG_WARN_NON_LITERAL_NULL_CONVERSION = YES;
				CLANG_WARN_OBJC_LITERAL_CONVERSION = YES;
				CLANG_WARN_OBJC_ROOT_CLASS = YES_ERROR;
				CLANG_WARN_RANGE_LOOP_ANALYSIS = YES;
				CLANG_WARN_STRICT_PROTOTYPES = YES;
				CLANG_WARN_SUSPICIOUS_MOVE = YES;
				CLANG_WARN_UNGUARDED_AVAILABILITY = YES_AGGRESSIVE;
				CLANG_WARN_UNREACHABLE_CODE = YES;
				CLANG_WARN__DUPLICATE_METHOD_MATCH = YES;
				CODE_SIGN_IDENTITY = "iPhone Developer";
				COPY_PHASE_STRIP = NO;
				DEBUG_INFORMATION_FORMAT = dwarf;
				ENABLE_STRICT_OBJC_MSGSEND = YES;
				ENABLE_TESTABILITY = YES;
				GCC_C_LANGUAGE_STANDARD = gnu11;
				GCC_DYNAMIC_NO_PIC = NO;
				GCC_NO_COMMON_BLOCKS = YES;
				GCC_OPTIMIZATION_LEVEL = 0;
				GCC_PREPROCESSOR_DEFINITIONS = (
					"DEBUG=1",
					"$(inherited)",
				);
				GCC_WARN_64_TO_32_BIT_CONVERSION = YES;
				GCC_WARN_ABOUT_RETURN_TYPE = YES_ERROR;
				GCC_WARN_UNDECLARED_SELECTOR = YES;
				GCC_WARN_UNINITIALIZED_AUTOS = YES_AGGRESSIVE;
				GCC_WARN_UNUSED_FUNCTION = YES;
				GCC_WARN_UNUSED_VARIABLE = YES;
				IPHONEOS_DEPLOYMENT_TARGET = 10.0;
				MTL_ENABLE_DEBUG_INFO = YES;
				ONLY_ACTIVE_ARCH = YES;
				SDKROOT = iphoneos;
				SWIFT_ACTIVE_COMPILATION_CONDITIONS = DEBUG;
				SWIFT_OPTIMIZATION_LEVEL = "-Onone";
			};
			name = Debug;
		};
		A9DE04A21FD737490079D0E8 /* Release */ = {
			isa = XCBuildConfiguration;
			buildSettings = {
				ALWAYS_SEARCH_USER_PATHS = NO;
				CLANG_ANALYZER_NONNULL = YES;
				CLANG_ANALYZER_NUMBER_OBJECT_CONVERSION = YES_AGGRESSIVE;
				CLANG_CXX_LANGUAGE_STANDARD = "gnu++14";
				CLANG_CXX_LIBRARY = "libc++";
				CLANG_ENABLE_MODULES = YES;
				CLANG_ENABLE_OBJC_ARC = YES;
				CLANG_WARN_BLOCK_CAPTURE_AUTORELEASING = YES;
				CLANG_WARN_BOOL_CONVERSION = YES;
				CLANG_WARN_COMMA = YES;
				CLANG_WARN_CONSTANT_CONVERSION = YES;
				CLANG_WARN_DIRECT_OBJC_ISA_USAGE = YES_ERROR;
				CLANG_WARN_DOCUMENTATION_COMMENTS = YES;
				CLANG_WARN_EMPTY_BODY = YES;
				CLANG_WARN_ENUM_CONVERSION = YES;
				CLANG_WARN_INFINITE_RECURSION = YES;
				CLANG_WARN_INT_CONVERSION = YES;
				CLANG_WARN_NON_LITERAL_NULL_CONVERSION = YES;
				CLANG_WARN_OBJC_LITERAL_CONVERSION = YES;
				CLANG_WARN_OBJC_ROOT_CLASS = YES_ERROR;
				CLANG_WARN_RANGE_LOOP_ANALYSIS = YES;
				CLANG_WARN_STRICT_PROTOTYPES = YES;
				CLANG_WARN_SUSPICIOUS_MOVE = YES;
				CLANG_WARN_UNGUARDED_AVAILABILITY = YES_AGGRESSIVE;
				CLANG_WARN_UNREACHABLE_CODE = YES;
				CLANG_WARN__DUPLICATE_METHOD_MATCH = YES;
				CODE_SIGN_IDENTITY = "iPhone Developer";
				COPY_PHASE_STRIP = NO;
				DEBUG_INFORMATION_FORMAT = "dwarf-with-dsym";
				ENABLE_NS_ASSERTIONS = NO;
				ENABLE_STRICT_OBJC_MSGSEND = YES;
				GCC_C_LANGUAGE_STANDARD = gnu11;
				GCC_NO_COMMON_BLOCKS = YES;
				GCC_WARN_64_TO_32_BIT_CONVERSION = YES;
				GCC_WARN_ABOUT_RETURN_TYPE = YES_ERROR;
				GCC_WARN_UNDECLARED_SELECTOR = YES;
				GCC_WARN_UNINITIALIZED_AUTOS = YES_AGGRESSIVE;
				GCC_WARN_UNUSED_FUNCTION = YES;
				GCC_WARN_UNUSED_VARIABLE = YES;
				IPHONEOS_DEPLOYMENT_TARGET = 10.0;
				MTL_ENABLE_DEBUG_INFO = NO;
				SDKROOT = iphoneos;
				SWIFT_OPTIMIZATION_LEVEL = "-Owholemodule";
				VALIDATE_PRODUCT = YES;
			};
			name = Release;
		};
		A9DE04A41FD737490079D0E8 /* Debug */ = {
			isa = XCBuildConfiguration;
			buildSettings = {
				ASSETCATALOG_COMPILER_COMPLICATION_NAME = Complication;
				CODE_SIGN_STYLE = Automatic;
				DEVELOPMENT_TEAM = D4GMNKX6R5;
				INFOPLIST_FILE = "MyCookBook WatchKit Extension/Info.plist";
				LD_RUNPATH_SEARCH_PATHS = "$(inherited) @executable_path/Frameworks @executable_path/../../Frameworks";
				PRODUCT_BUNDLE_IDENTIFIER = com.shemana.application.MyCookBook.watchkitapp.watchkitextension;
				PRODUCT_NAME = "${TARGET_NAME}";
				SDKROOT = watchos;
				SKIP_INSTALL = YES;
				SWIFT_VERSION = 4.0;
				TARGETED_DEVICE_FAMILY = 4;
				WATCHOS_DEPLOYMENT_TARGET = 4.1;
			};
			name = Debug;
		};
		A9DE04A51FD737490079D0E8 /* Release */ = {
			isa = XCBuildConfiguration;
			buildSettings = {
				ASSETCATALOG_COMPILER_COMPLICATION_NAME = Complication;
				CODE_SIGN_STYLE = Automatic;
				DEVELOPMENT_TEAM = D4GMNKX6R5;
				INFOPLIST_FILE = "MyCookBook WatchKit Extension/Info.plist";
				LD_RUNPATH_SEARCH_PATHS = "$(inherited) @executable_path/Frameworks @executable_path/../../Frameworks";
				PRODUCT_BUNDLE_IDENTIFIER = com.shemana.application.MyCookBook.watchkitapp.watchkitextension;
				PRODUCT_NAME = "${TARGET_NAME}";
				SDKROOT = watchos;
				SKIP_INSTALL = YES;
				SWIFT_VERSION = 4.0;
				TARGETED_DEVICE_FAMILY = 4;
				WATCHOS_DEPLOYMENT_TARGET = 4.1;
			};
			name = Release;
		};
		A9DE04A81FD737490079D0E8 /* Debug */ = {
			isa = XCBuildConfiguration;
			baseConfigurationReference = 51C345AD9C05EE9CBC0F08B8 /* Pods-MyCookBook WatchKit App.debug.xcconfig */;
			buildSettings = {
				ALWAYS_EMBED_SWIFT_STANDARD_LIBRARIES = YES;
				ASSETCATALOG_COMPILER_APPICON_NAME = AppIcon;
				CODE_SIGN_STYLE = Automatic;
				DEVELOPMENT_TEAM = D4GMNKX6R5;
				IBSC_MODULE = MyCookBook_WatchKit_Extension;
				INFOPLIST_FILE = "MyCookBook WatchKit App/Info.plist";
				PRODUCT_BUNDLE_IDENTIFIER = com.shemana.application.MyCookBook.watchkitapp;
				PRODUCT_NAME = "$(TARGET_NAME)";
				SDKROOT = watchos;
				SKIP_INSTALL = YES;
				SWIFT_VERSION = 4.0;
				TARGETED_DEVICE_FAMILY = 4;
				WATCHOS_DEPLOYMENT_TARGET = 4.1;
			};
			name = Debug;
		};
		A9DE04A91FD737490079D0E8 /* Release */ = {
			isa = XCBuildConfiguration;
			baseConfigurationReference = F6E7D171E9A8185BB5DCEA91 /* Pods-MyCookBook WatchKit App.release.xcconfig */;
			buildSettings = {
				ALWAYS_EMBED_SWIFT_STANDARD_LIBRARIES = YES;
				ASSETCATALOG_COMPILER_APPICON_NAME = AppIcon;
				CODE_SIGN_STYLE = Automatic;
				DEVELOPMENT_TEAM = D4GMNKX6R5;
				IBSC_MODULE = MyCookBook_WatchKit_Extension;
				INFOPLIST_FILE = "MyCookBook WatchKit App/Info.plist";
				PRODUCT_BUNDLE_IDENTIFIER = com.shemana.application.MyCookBook.watchkitapp;
				PRODUCT_NAME = "$(TARGET_NAME)";
				SDKROOT = watchos;
				SKIP_INSTALL = YES;
				SWIFT_VERSION = 4.0;
				TARGETED_DEVICE_FAMILY = 4;
				WATCHOS_DEPLOYMENT_TARGET = 4.1;
			};
			name = Release;
		};
		A9DE04AC1FD737490079D0E8 /* Debug */ = {
			isa = XCBuildConfiguration;
			baseConfigurationReference = 6B2F6C301696DFFA096FBB50 /* Pods-MyCookBook.debug.xcconfig */;
			buildSettings = {
				ASSETCATALOG_COMPILER_APPICON_NAME = AppIcon;
				"CODE_SIGN_IDENTITY[sdk=iphoneos*]" = "iPhone Developer";
				CODE_SIGN_STYLE = Automatic;
				DEVELOPMENT_TEAM = "";
				INFOPLIST_FILE = MyCookBook/Info.plist;
				LD_RUNPATH_SEARCH_PATHS = "$(inherited) @executable_path/Frameworks";
				PRODUCT_BUNDLE_IDENTIFIER = com.shemana.application.MyCookBook;
				PRODUCT_NAME = "$(TARGET_NAME)";
				PROVISIONING_PROFILE_SPECIFIER = "";
				SWIFT_VERSION = 4.0;
				TARGETED_DEVICE_FAMILY = "1,2";
			};
			name = Debug;
		};
		A9DE04AD1FD737490079D0E8 /* Release */ = {
			isa = XCBuildConfiguration;
			baseConfigurationReference = CE7D05086C08DBE3AC2A12D5 /* Pods-MyCookBook.release.xcconfig */;
			buildSettings = {
				ASSETCATALOG_COMPILER_APPICON_NAME = AppIcon;
				"CODE_SIGN_IDENTITY[sdk=iphoneos*]" = "iPhone Developer";
				CODE_SIGN_STYLE = Automatic;
				DEVELOPMENT_TEAM = "";
				INFOPLIST_FILE = MyCookBook/Info.plist;
				LD_RUNPATH_SEARCH_PATHS = "$(inherited) @executable_path/Frameworks";
				PRODUCT_BUNDLE_IDENTIFIER = com.shemana.application.MyCookBook;
				PRODUCT_NAME = "$(TARGET_NAME)";
				PROVISIONING_PROFILE_SPECIFIER = "";
				SWIFT_VERSION = 4.0;
				TARGETED_DEVICE_FAMILY = "1,2";
			};
			name = Release;
		};
		A9DE04AF1FD737490079D0E8 /* Debug */ = {
			isa = XCBuildConfiguration;
			baseConfigurationReference = 2EFF9B26C1BE303AA83A9962 /* Pods-MyCookBookTests.debug.xcconfig */;
			buildSettings = {
				ALWAYS_EMBED_SWIFT_STANDARD_LIBRARIES = YES;
				BUNDLE_LOADER = "$(TEST_HOST)";
				CODE_SIGN_STYLE = Automatic;
				DEVELOPMENT_TEAM = D4GMNKX6R5;
				INFOPLIST_FILE = MyCookBookTests/Info.plist;
				LD_RUNPATH_SEARCH_PATHS = "$(inherited) @executable_path/Frameworks @loader_path/Frameworks";
				PRODUCT_BUNDLE_IDENTIFIER = com.shemana.application.MyCookBookTests;
				PRODUCT_NAME = "$(TARGET_NAME)";
				SWIFT_VERSION = 4.0;
				TARGETED_DEVICE_FAMILY = "1,2";
				TEST_HOST = "$(BUILT_PRODUCTS_DIR)/MyCookBook.app/MyCookBook";
			};
			name = Debug;
		};
		A9DE04B01FD737490079D0E8 /* Release */ = {
			isa = XCBuildConfiguration;
			baseConfigurationReference = F499CFD38719E1DA4C969117 /* Pods-MyCookBookTests.release.xcconfig */;
			buildSettings = {
				ALWAYS_EMBED_SWIFT_STANDARD_LIBRARIES = YES;
				BUNDLE_LOADER = "$(TEST_HOST)";
				CODE_SIGN_STYLE = Automatic;
				DEVELOPMENT_TEAM = D4GMNKX6R5;
				INFOPLIST_FILE = MyCookBookTests/Info.plist;
				LD_RUNPATH_SEARCH_PATHS = "$(inherited) @executable_path/Frameworks @loader_path/Frameworks";
				PRODUCT_BUNDLE_IDENTIFIER = com.shemana.application.MyCookBookTests;
				PRODUCT_NAME = "$(TARGET_NAME)";
				SWIFT_VERSION = 4.0;
				TARGETED_DEVICE_FAMILY = "1,2";
				TEST_HOST = "$(BUILT_PRODUCTS_DIR)/MyCookBook.app/MyCookBook";
			};
			name = Release;
		};
/* End XCBuildConfiguration section */

/* Begin XCConfigurationList section */
		A9DE045F1FD737480079D0E8 /* Build configuration list for PBXProject "MyCookBook" */ = {
			isa = XCConfigurationList;
			buildConfigurations = (
				A9DE04A11FD737490079D0E8 /* Debug */,
				A9DE04A21FD737490079D0E8 /* Release */,
			);
			defaultConfigurationIsVisible = 0;
			defaultConfigurationName = Release;
		};
		A9DE04A31FD737490079D0E8 /* Build configuration list for PBXNativeTarget "MyCookBook WatchKit Extension" */ = {
			isa = XCConfigurationList;
			buildConfigurations = (
				A9DE04A41FD737490079D0E8 /* Debug */,
				A9DE04A51FD737490079D0E8 /* Release */,
			);
			defaultConfigurationIsVisible = 0;
			defaultConfigurationName = Release;
		};
		A9DE04A71FD737490079D0E8 /* Build configuration list for PBXNativeTarget "MyCookBook WatchKit App" */ = {
			isa = XCConfigurationList;
			buildConfigurations = (
				A9DE04A81FD737490079D0E8 /* Debug */,
				A9DE04A91FD737490079D0E8 /* Release */,
			);
			defaultConfigurationIsVisible = 0;
			defaultConfigurationName = Release;
		};
		A9DE04AB1FD737490079D0E8 /* Build configuration list for PBXNativeTarget "MyCookBook" */ = {
			isa = XCConfigurationList;
			buildConfigurations = (
				A9DE04AC1FD737490079D0E8 /* Debug */,
				A9DE04AD1FD737490079D0E8 /* Release */,
			);
			defaultConfigurationIsVisible = 0;
			defaultConfigurationName = Release;
		};
		A9DE04AE1FD737490079D0E8 /* Build configuration list for PBXNativeTarget "MyCookBookTests" */ = {
			isa = XCConfigurationList;
			buildConfigurations = (
				A9DE04AF1FD737490079D0E8 /* Debug */,
				A9DE04B01FD737490079D0E8 /* Release */,
			);
			defaultConfigurationIsVisible = 0;
			defaultConfigurationName = Release;
		};
/* End XCConfigurationList section */

/* Begin XCVersionGroup section */
		BF6DC34A201778E80079F7CA /* MyCookBook.xcdatamodeld */ = {
			isa = XCVersionGroup;
			children = (
				BF6DC34B201778E80079F7CA /* MyCookBook.xcdatamodel */,
			);
			currentVersion = BF6DC34B201778E80079F7CA /* MyCookBook.xcdatamodel */;
			path = MyCookBook.xcdatamodeld;
			sourceTree = "<group>";
			versionGroupType = wrapper.xcdatamodel;
		};
/* End XCVersionGroup section */
	};
	rootObject = A9DE045C1FD737480079D0E8 /* Project object */;
}
